github.com/CedArctic/go-vlc-ctrl v0.5.0 h1:G7IxbY6o6FWRpp/F/9pejsUTXsUh/h02eyT4jhkeTRc=
github.com/CedArctic/go-vlc-ctrl v0.5.0/go.mod h1:5wcsgNL6Fr/dD6YzVmA3RH6QbcwiC9qJh+GQ7LD6qcA=
github.com/davecgh/go-spew v1.1.1/go.mod h1:J7Y8YcW2NihsgmVo/mv3lAwl/skON4iLHjSsI+c5H38=
github.com/etherealmachine/cec v0.0.0-20160508213212-0b0fe0eb2c29 h1:yz89aeFScdYZRW9+9HMeKoAn4IAjJIswsCeM3RLOOMg=
github.com/etherealmachine/cec v0.0.0-20160508213212-0b0fe0eb2c29/go.mod h1:qOMgOXRpjDzaqJhR0td4vhlW+VgOezNuPsaqSPD6sps=
github.com/etherealmachine/cec v0.0.0-20210328180719-7bc59e6ffc6b h1:roTl3JbsEPgkd0NW+QH/v4qIWwSa7QgicYKm964023g=
github.com/etherealmachine/cec v0.0.0-20210328180719-7bc59e6ffc6b/go.mod h1:qOMgOXRpjDzaqJhR0td4vhlW+VgOezNuPsaqSPD6sps=
github.com/gorilla/rpc v1.2.0 h1:WvvdC2lNeT1SP32zrIce5l0ECBfbAlmrmSBsuc57wfk=
github.com/gorilla/rpc v1.2.0/go.mod h1:V4h9r+4sF5HnzqbwIez0fKSpANP0zlYd3qR7p36jkTQ=
github.com/gorilla/securecookie v1.1.1 h1:miw7JPhV+b/lAHSXz4qd/nN9jRiAFV5FwjeKyCS8BvQ=
github.com/gorilla/securecookie v1.1.1/go.mod h1:ra0sb63/xPlUeL+yeDciTfxMRAA+MP+HVt/4epWDjd4=
github.com/pmezard/go-difflib v1.0.0/go.mod h1:iKH77koFhYxTK1pcRnkKkqfTogsbg7gZNVY4sRDYZ/4=
github.com/sirupsen/logrus v1.8.1 h1:dJKuHgqk1NNQlqoA6BTlM1Wf9DOH3NBjQyu0h9+AZZE=
github.com/sirupsen/logrus v1.8.1/go.mod h1:yWOB1SBYBC5VeMP7gHvWumXLIWorT60ONWic61uBYv0=
github.com/stretchr/testify v1.2.2/go.mod h1:a8OnRcib4nhh0OaRAV+Yts87kKdq0PP7pXfy6kDkUVs=
golang.org/x/sys v0.0.0-20191026070338-33540a1f6037 h1:YyJpGZS1sBuBCzLAR1VEpK193GlqGZbnPFnPV/5Rsb4=
golang.org/x/sys v0.0.0-20191026070338-33540a1f6037/go.mod h1:h1NjWce9XRLGQEsW7wpKNCjG9DtNlClVuFLEZdDNbEs=
gopkg.in/natefinch/lumberjack.v2 v2.0.0 h1:1Lc07Kr7qY4U2YPouBjpCLxpiyxIVoxqXgkXLknAOE8=
gopkg.in/natefinch/lumberjack.v2 v2.0.0/go.mod h1:l0ndWWf7gzL7RNwBG7wST/UCcT4T24xpD6X8LsfU/+k=
